// !$*UTF8*$!
{
	archiveVersion = 1;
	classes = {
	};
	objectVersion = 46;
	objects = {

/* Begin PBXBuildFile section */
		82E7AB7085A76717E187BDB3 /* Pods_taskapp.framework in Frameworks */ = {isa = PBXBuildFile; fileRef = CC15A605C3A53B6C7F67BEE4 /* Pods_taskapp.framework */; };
		8D63B0761D2A2BB000C3703D /* AppDelegate.swift in Sources */ = {isa = PBXBuildFile; fileRef = 8D63B0751D2A2BB000C3703D /* AppDelegate.swift */; };
		8D63B0781D2A2BB000C3703D /* ViewController.swift in Sources */ = {isa = PBXBuildFile; fileRef = 8D63B0771D2A2BB000C3703D /* ViewController.swift */; };
		8D63B07B1D2A2BB000C3703D /* Main.storyboard in Resources */ = {isa = PBXBuildFile; fileRef = 8D63B0791D2A2BB000C3703D /* Main.storyboard */; };
		8D63B07D1D2A2BB000C3703D /* Assets.xcassets in Resources */ = {isa = PBXBuildFile; fileRef = 8D63B07C1D2A2BB000C3703D /* Assets.xcassets */; };
		8D63B0801D2A2BB000C3703D /* LaunchScreen.storyboard in Resources */ = {isa = PBXBuildFile; fileRef = 8D63B07E1D2A2BB000C3703D /* LaunchScreen.storyboard */; };
		8D63B0881D2A381400C3703D /* InputViewController.swift in Sources */ = {isa = PBXBuildFile; fileRef = 8D63B0871D2A381400C3703D /* InputViewController.swift */; };
		8DA1C0531D338584009B093D /* AddCategoryViewController.swift in Sources */ = {isa = PBXBuildFile; fileRef = 8DA1C0521D338584009B093D /* AddCategoryViewController.swift */; };
		8DA6234B1D2B4A570031413D /* Task.swift in Sources */ = {isa = PBXBuildFile; fileRef = 8DA6234A1D2B4A570031413D /* Task.swift */; };
/* End PBXBuildFile section */

/* Begin PBXFileReference section */
		07068CBDE5BA10FB77460DEE /* Pods-taskapp.debug.xcconfig */ = {isa = PBXFileReference; includeInIndex = 1; lastKnownFileType = text.xcconfig; name = "Pods-taskapp.debug.xcconfig"; path = "Pods/Target Support Files/Pods-taskapp/Pods-taskapp.debug.xcconfig"; sourceTree = "<group>"; };
		8D63B0721D2A2BB000C3703D /* taskapp.app */ = {isa = PBXFileReference; explicitFileType = wrapper.application; includeInIndex = 0; path = taskapp.app; sourceTree = BUILT_PRODUCTS_DIR; };
		8D63B0751D2A2BB000C3703D /* AppDelegate.swift */ = {isa = PBXFileReference; lastKnownFileType = sourcecode.swift; path = AppDelegate.swift; sourceTree = "<group>"; };
		8D63B0771D2A2BB000C3703D /* ViewController.swift */ = {isa = PBXFileReference; lastKnownFileType = sourcecode.swift; path = ViewController.swift; sourceTree = "<group>"; };
		8D63B07A1D2A2BB000C3703D /* Base */ = {isa = PBXFileReference; lastKnownFileType = file.storyboard; name = Base; path = Base.lproj/Main.storyboard; sourceTree = "<group>"; };
		8D63B07C1D2A2BB000C3703D /* Assets.xcassets */ = {isa = PBXFileReference; lastKnownFileType = folder.assetcatalog; path = Assets.xcassets; sourceTree = "<group>"; };
		8D63B07F1D2A2BB000C3703D /* Base */ = {isa = PBXFileReference; lastKnownFileType = file.storyboard; name = Base; path = Base.lproj/LaunchScreen.storyboard; sourceTree = "<group>"; };
		8D63B0811D2A2BB000C3703D /* Info.plist */ = {isa = PBXFileReference; lastKnownFileType = text.plist.xml; path = Info.plist; sourceTree = "<group>"; };
		8D63B0871D2A381400C3703D /* InputViewController.swift */ = {isa = PBXFileReference; fileEncoding = 4; lastKnownFileType = sourcecode.swift; path = InputViewController.swift; sourceTree = "<group>"; };
		8DA1C0521D338584009B093D /* AddCategoryViewController.swift */ = {isa = PBXFileReference; fileEncoding = 4; lastKnownFileType = sourcecode.swift; path = AddCategoryViewController.swift; sourceTree = "<group>"; };
		8DA6234A1D2B4A570031413D /* Task.swift */ = {isa = PBXFileReference; fileEncoding = 4; lastKnownFileType = sourcecode.swift; path = Task.swift; sourceTree = "<group>"; };
		C076ABFE123AA0B686C0E518 /* Pods-taskapp.release.xcconfig */ = {isa = PBXFileReference; includeInIndex = 1; lastKnownFileType = text.xcconfig; name = "Pods-taskapp.release.xcconfig"; path = "Pods/Target Support Files/Pods-taskapp/Pods-taskapp.release.xcconfig"; sourceTree = "<group>"; };
		CC15A605C3A53B6C7F67BEE4 /* Pods_taskapp.framework */ = {isa = PBXFileReference; explicitFileType = wrapper.framework; includeInIndex = 0; path = Pods_taskapp.framework; sourceTree = BUILT_PRODUCTS_DIR; };
/* End PBXFileReference section */

/* Begin PBXFrameworksBuildPhase section */
		8D63B06F1D2A2BB000C3703D /* Frameworks */ = {
			isa = PBXFrameworksBuildPhase;
			buildActionMask = 2147483647;
			files = (
				82E7AB7085A76717E187BDB3 /* Pods_taskapp.framework in Frameworks */,
			);
			runOnlyForDeploymentPostprocessing = 0;
		};
/* End PBXFrameworksBuildPhase section */

/* Begin PBXGroup section */
		8011E2A88DF484B9EBBB56C3 /* Pods */ = {
			isa = PBXGroup;
			children = (
				07068CBDE5BA10FB77460DEE /* Pods-taskapp.debug.xcconfig */,
				C076ABFE123AA0B686C0E518 /* Pods-taskapp.release.xcconfig */,
			);
			name = Pods;
			sourceTree = "<group>";
		};
		8D63B0691D2A2BB000C3703D = {
			isa = PBXGroup;
			children = (
				8D63B0741D2A2BB000C3703D /* taskapp */,
				8D63B0731D2A2BB000C3703D /* Products */,
				8011E2A88DF484B9EBBB56C3 /* Pods */,
				9D8A4EEA48D6C013558891EE /* Frameworks */,
			);
			sourceTree = "<group>";
		};
		8D63B0731D2A2BB000C3703D /* Products */ = {
			isa = PBXGroup;
			children = (
				8D63B0721D2A2BB000C3703D /* taskapp.app */,
			);
			name = Products;
			sourceTree = "<group>";
		};
		8D63B0741D2A2BB000C3703D /* taskapp */ = {
			isa = PBXGroup;
			children = (
				8D63B0751D2A2BB000C3703D /* AppDelegate.swift */,
				8D63B0771D2A2BB000C3703D /* ViewController.swift */,
				8D63B0791D2A2BB000C3703D /* Main.storyboard */,
				8D63B0871D2A381400C3703D /* InputViewController.swift */,
				8DA1C0521D338584009B093D /* AddCategoryViewController.swift */,
				8D63B07C1D2A2BB000C3703D /* Assets.xcassets */,
				8D63B07E1D2A2BB000C3703D /* LaunchScreen.storyboard */,
				8D63B0811D2A2BB000C3703D /* Info.plist */,
				8DA6234A1D2B4A570031413D /* Task.swift */,
			);
			path = taskapp;
			sourceTree = "<group>";
		};
		9D8A4EEA48D6C013558891EE /* Frameworks */ = {
			isa = PBXGroup;
			children = (
				CC15A605C3A53B6C7F67BEE4 /* Pods_taskapp.framework */,
			);
			name = Frameworks;
			sourceTree = "<group>";
		};
/* End PBXGroup section */

/* Begin PBXNativeTarget section */
		8D63B0711D2A2BB000C3703D /* taskapp */ = {
			isa = PBXNativeTarget;
			buildConfigurationList = 8D63B0841D2A2BB000C3703D /* Build configuration list for PBXNativeTarget "taskapp" */;
			buildPhases = (
				BEB32BBC0FB8CBB7A5D9D8B2 /* [CP] Check Pods Manifest.lock */,
				8D63B06E1D2A2BB000C3703D /* Sources */,
				8D63B06F1D2A2BB000C3703D /* Frameworks */,
				8D63B0701D2A2BB000C3703D /* Resources */,
				D77231B8347D69208F3DA029 /* [CP] Embed Pods Frameworks */,
				7B1EF17E8CAA4AFDF332E90B /* [CP] Copy Pods Resources */,
			);
			buildRules = (
			);
			dependencies = (
			);
			name = taskapp;
			productName = taskapp;
			productReference = 8D63B0721D2A2BB000C3703D /* taskapp.app */;
			productType = "com.apple.product-type.application";
		};
/* End PBXNativeTarget section */

/* Begin PBXProject section */
		8D63B06A1D2A2BB000C3703D /* Project object */ = {
			isa = PBXProject;
			attributes = {
				LastSwiftUpdateCheck = 0730;
				LastUpgradeCheck = 0730;
				ORGANIZATIONNAME = naoto.omori;
				TargetAttributes = {
					8D63B0711D2A2BB000C3703D = {
						CreatedOnToolsVersion = 7.3.1;
						DevelopmentTeam = UU9KV6SZQ5;
					};
				};
			};
			buildConfigurationList = 8D63B06D1D2A2BB000C3703D /* Build configuration list for PBXProject "taskapp" */;
			compatibilityVersion = "Xcode 3.2";
			developmentRegion = English;
			hasScannedForEncodings = 0;
			knownRegions = (
				en,
				Base,
			);
			mainGroup = 8D63B0691D2A2BB000C3703D;
			productRefGroup = 8D63B0731D2A2BB000C3703D /* Products */;
			projectDirPath = "";
			projectRoot = "";
			targets = (
				8D63B0711D2A2BB000C3703D /* taskapp */,
			);
		};
/* End PBXProject section */

/* Begin PBXResourcesBuildPhase section */
		8D63B0701D2A2BB000C3703D /* Resources */ = {
			isa = PBXResourcesBuildPhase;
			buildActionMask = 2147483647;
			files = (
				8D63B0801D2A2BB000C3703D /* LaunchScreen.storyboard in Resources */,
				8D63B07D1D2A2BB000C3703D /* Assets.xcassets in Resources */,
				8D63B07B1D2A2BB000C3703D /* Main.storyboard in Resources */,
			);
			runOnlyForDeploymentPostprocessing = 0;
		};
/* End PBXResourcesBuildPhase section */

/* Begin PBXShellScriptBuildPhase section */
		7B1EF17E8CAA4AFDF332E90B /* [CP] Copy Pods Resources */ = {
			isa = PBXShellScriptBuildPhase;
			buildActionMask = 2147483647;
			files = (
			);
			inputPaths = (
			);
			name = "[CP] Copy Pods Resources";
			outputPaths = (
			);
			runOnlyForDeploymentPostprocessing = 0;
			shellPath = /bin/sh;
			shellScript = "\"${SRCROOT}/Pods/Target Support Files/Pods-taskapp/Pods-taskapp-resources.sh\"\n";
			showEnvVarsInLog = 0;
		};
		BEB32BBC0FB8CBB7A5D9D8B2 /* [CP] Check Pods Manifest.lock */ = {
			isa = PBXShellScriptBuildPhase;
			buildActionMask = 2147483647;
			files = (
			);
			inputPaths = (
			);
			name = "[CP] Check Pods Manifest.lock";
			outputPaths = (
			);
			runOnlyForDeploymentPostprocessing = 0;
			shellPath = /bin/sh;
			shellScript = "diff \"${PODS_ROOT}/../Podfile.lock\" \"${PODS_ROOT}/Manifest.lock\" > /dev/null\nif [[ $? != 0 ]] ; then\n    cat << EOM\nerror: The sandbox is not in sync with the Podfile.lock. Run 'pod install' or update your CocoaPods installation.\nEOM\n    exit 1\nfi\n";
			showEnvVarsInLog = 0;
		};
		D77231B8347D69208F3DA029 /* [CP] Embed Pods Frameworks */ = {
			isa = PBXShellScriptBuildPhase;
			buildActionMask = 2147483647;
			files = (
			);
			inputPaths = (
			);
			name = "[CP] Embed Pods Frameworks";
			outputPaths = (
			);
			runOnlyForDeploymentPostprocessing = 0;
			shellPath = /bin/sh;
			shellScript = "\"${SRCROOT}/Pods/Target Support Files/Pods-taskapp/Pods-taskapp-frameworks.sh\"\n";
			showEnvVarsInLog = 0;
		};
/* End PBXShellScriptBuildPhase section */

/* Begin PBXSourcesBuildPhase section */
		8D63B06E1D2A2BB000C3703D /* Sources */ = {
			isa = PBXSourcesBuildPhase;
			buildActionMask = 2147483647;
			files = (
				8DA6234B1D2B4A570031413D /* Task.swift in Sources */,
				8DA1C0531D338584009B093D /* AddCategoryViewController.swift in Sources */,
				8D63B0881D2A381400C3703D /* InputViewController.swift in Sources */,
				8D63B0781D2A2BB000C3703D /* ViewController.swift in Sources */,
				8D63B0761D2A2BB000C3703D /* AppDelegate.swift in Sources */,
			);
			runOnlyForDeploymentPostprocessing = 0;
		};
/* End PBXSourcesBuildPhase section */

/* Begin PBXVariantGroup section */
		8D63B0791D2A2BB000C3703D /* Main.storyboard */ = {
			isa = PBXVariantGroup;
			children = (
				8D63B07A1D2A2BB000C3703D /* Base */,
			);
			name = Main.storyboard;
			sourceTree = "<group>";
		};
		8D63B07E1D2A2BB000C3703D /* LaunchScreen.storyboard */ = {
			isa = PBXVariantGroup;
			children = (
				8D63B07F1D2A2BB000C3703D /* Base */,
			);
			name = LaunchScreen.storyboard;
			sourceTree = "<group>";
		};
/* End PBXVariantGroup section */

/* Begin XCBuildConfiguration section */
		8D63B0821D2A2BB000C3703D /* Debug */ = {
			isa = XCBuildConfiguration;
			buildSettings = {
				ALWAYS_SEARCH_USER_PATHS = NO;
				CLANG_ANALYZER_NONNULL = YES;
				CLANG_CXX_LANGUAGE_STANDARD = "gnu++0x";
				CLANG_CXX_LIBRARY = "libc++";
				CLANG_ENABLE_MODULES = YES;
				CLANG_ENABLE_OBJC_ARC = YES;
				CLANG_WARN_BOOL_CONVERSION = YES;
				CLANG_WARN_CONSTANT_CONVERSION = YES;
				CLANG_WARN_DIRECT_OBJC_ISA_USAGE = YES_ERROR;
				CLANG_WARN_EMPTY_BODY = YES;
				CLANG_WARN_ENUM_CONVERSION = YES;
				CLANG_WARN_INT_CONVERSION = YES;
				CLANG_WARN_OBJC_ROOT_CLASS = YES_ERROR;
				CLANG_WARN_UNREACHABLE_CODE = YES;
				CLANG_WARN__DUPLICATE_METHOD_MATCH = YES;
				"CODE_SIGN_IDENTITY[sdk=iphoneos*]" = "iPhone Developer";
				COPY_PHASE_STRIP = NO;
				DEBUG_INFORMATION_FORMAT = dwarf;
				ENABLE_STRICT_OBJC_MSGSEND = YES;
				ENABLE_TESTABILITY = YES;
				GCC_C_LANGUAGE_STANDARD = gnu99;
				GCC_DYNAMIC_NO_PIC = NO;
				GCC_NO_COMMON_BLOCKS = YES;
				GCC_OPTIMIZATION_LEVEL = 0;
				GCC_PREPROCESSOR_DEFINITIONS = (
					"DEBUG=1",
					"$(inherited)",
				);
				GCC_WARN_64_TO_32_BIT_CONVERSION = YES;
				GCC_WARN_ABOUT_RETURN_TYPE = YES_ERROR;
				GCC_WARN_UNDECLARED_SELECTOR = YES;
				GCC_WARN_UNINITIALIZED_AUTOS = YES_AGGRESSIVE;
				GCC_WARN_UNUSED_FUNCTION = YES;
				GCC_WARN_UNUSED_VARIABLE = YES;
				IPHONEOS_DEPLOYMENT_TARGET = 9.3;
				MTL_ENABLE_DEBUG_INFO = YES;
				ONLY_ACTIVE_ARCH = YES;
				SDKROOT = iphoneos;
				SWIFT_OPTIMIZATION_LEVEL = "-Onone";
				TARGETED_DEVICE_FAMILY = "1,2";
			};
			name = Debug;
		};
		8D63B0831D2A2BB000C3703D /* Release */ = {
			isa = XCBuildConfiguration;
			buildSettings = {
				ALWAYS_SEARCH_USER_PATHS = NO;
				CLANG_ANALYZER_NONNULL = YES;
				CLANG_CXX_LANGUAGE_STANDARD = "gnu++0x";
				CLANG_CXX_LIBRARY = "libc++";
				CLANG_ENABLE_MODULES = YES;
				CLANG_ENABLE_OBJC_ARC = YES;
				CLANG_WARN_BOOL_CONVERSION = YES;
				CLANG_WARN_CONSTANT_CONVERSION = YES;
				CLANG_WARN_DIRECT_OBJC_ISA_USAGE = YES_ERROR;
				CLANG_WARN_EMPTY_BODY = YES;
				CLANG_WARN_ENUM_CONVERSION = YES;
				CLANG_WARN_INT_CONVERSION = YES;
				CLANG_WARN_OBJC_ROOT_CLASS = YES_ERROR;
				CLANG_WARN_UNREACHABLE_CODE = YES;
				CLANG_WARN__DUPLICATE_METHOD_MATCH = YES;
				"CODE_SIGN_IDENTITY[sdk=iphoneos*]" = "iPhone Developer";
				COPY_PHASE_STRIP = NO;
				DEBUG_INFORMATION_FORMAT = "dwarf-with-dsym";
				ENABLE_NS_ASSERTIONS = NO;
				ENABLE_STRICT_OBJC_MSGSEND = YES;
				GCC_C_LANGUAGE_STANDARD = gnu99;
				GCC_NO_COMMON_BLOCKS = YES;
				GCC_WARN_64_TO_32_BIT_CONVERSION = YES;
				GCC_WARN_ABOUT_RETURN_TYPE = YES_ERROR;
				GCC_WARN_UNDECLARED_SELECTOR = YES;
				GCC_WARN_UNINITIALIZED_AUTOS = YES_AGGRESSIVE;
				GCC_WARN_UNUSED_FUNCTION = YES;
				GCC_WARN_UNUSED_VARIABLE = YES;
				IPHONEOS_DEPLOYMENT_TARGET = 9.3;
				MTL_ENABLE_DEBUG_INFO = NO;
				SDKROOT = iphoneos;
				TARGETED_DEVICE_FAMILY = "1,2";
				VALIDATE_PRODUCT = YES;
			};
			name = Release;
		};
		8D63B0851D2A2BB000C3703D /* Debug */ = {
			isa = XCBuildConfiguration;
			baseConfigurationReference = 07068CBDE5BA10FB77460DEE /* Pods-taskapp.debug.xcconfig */;
			buildSettings = {
				ASSETCATALOG_COMPILER_APPICON_NAME = AppIcon;
				CODE_SIGN_IDENTITY = "iPhone Developer";
				"CODE_SIGN_IDENTITY[sdk=iphoneos*]" = "iPhone Developer";
				INFOPLIST_FILE = taskapp/Info.plist;
				LD_RUNPATH_SEARCH_PATHS = "$(inherited) @executable_path/Frameworks";
				PRODUCT_BUNDLE_IDENTIFIER = jp.techacademy.naoto.omori.taskapp;
				PRODUCT_NAME = "$(TARGET_NAME)";
				PROVISIONING_PROFILE = "";
			};
			name = Debug;
		};
		8D63B0861D2A2BB000C3703D /* Release */ = {
			isa = XCBuildConfiguration;
			baseConfigurationReference = C076ABFE123AA0B686C0E518 /* Pods-taskapp.release.xcconfig */;
			buildSettings = {
				ASSETCATALOG_COMPILER_APPICON_NAME = AppIcon;
				CODE_SIGN_IDENTITY = "iPhone Developer";
				"CODE_SIGN_IDENTITY[sdk=iphoneos*]" = "iPhone Developer";
				INFOPLIST_FILE = taskapp/Info.plist;
				LD_RUNPATH_SEARCH_PATHS = "$(inherited) @executable_path/Frameworks";
				PRODUCT_BUNDLE_IDENTIFIER = jp.techacademy.naoto.omori.taskapp;
				PRODUCT_NAME = "$(TARGET_NAME)";
				PROVISIONING_PROFILE = "";
			};
			name = Release;
		};
/* End XCBuildConfiguration section */

/* Begin XCConfigurationList section */
		8D63B06D1D2A2BB000C3703D /* Build configuration list for PBXProject "taskapp" */ = {
			isa = XCConfigurationList;
			buildConfigurations = (
				8D63B0821D2A2BB000C3703D /* Debug */,
				8D63B0831D2A2BB000C3703D /* Release */,
			);
			defaultConfigurationIsVisible = 0;
			defaultConfigurationName = Release;
		};
		8D63B0841D2A2BB000C3703D /* Build configuration list for PBXNativeTarget "taskapp" */ = {
			isa = XCConfigurationList;
			buildConfigurations = (
				8D63B0851D2A2BB000C3703D /* Debug */,
				8D63B0861D2A2BB000C3703D /* Release */,
			);
			defaultConfigurationIsVisible = 0;
			defaultConfigurationName = Release;
		};
/* End XCConfigurationList section */
	};
	rootObject = 8D63B06A1D2A2BB000C3703D /* Project object */;
}
